// !$*UTF8*$!
{
	archiveVersion = 1;
	classes = {
	};
	objectVersion = 46;
	objects = {

/* Begin PBXBuildFile section */
		CA5F95C71A28B370001B125B /* main.cpp in Sources */ = {isa = PBXBuildFile; fileRef = CA5F95C61A28B370001B125B /* main.cpp */; };
		CA5F95CF1A28B78A001B125B /* MurmurHash3.cpp in Sources */ = {isa = PBXBuildFile; fileRef = CA5F95CE1A28B78A001B125B /* MurmurHash3.cpp */; };
		CA5F95DE1A28C223001B125B /* libz.dylib in Frameworks */ = {isa = PBXBuildFile; fileRef = CA5F95DD1A28C223001B125B /* libz.dylib */; };
/* End PBXBuildFile section */

/* Begin PBXCopyFilesBuildPhase section */
		CA5F95C11A28B370001B125B /* CopyFiles */ = {
			isa = PBXCopyFilesBuildPhase;
			buildActionMask = 2147483647;
			dstPath = /usr/share/man/man1/;
			dstSubfolderSpec = 0;
			files = (
			);
			runOnlyForDeploymentPostprocessing = 1;
		};
/* End PBXCopyFilesBuildPhase section */

/* Begin PBXFileReference section */
		CA5F95C31A28B370001B125B /* sequniq */ = {isa = PBXFileReference; explicitFileType = "compiled.mach-o.executable"; includeInIndex = 0; path = sequniq; sourceTree = BUILT_PRODUCTS_DIR; };
		CA5F95C61A28B370001B125B /* main.cpp */ = {isa = PBXFileReference; lastKnownFileType = sourcecode.cpp.cpp; path = main.cpp; sourceTree = "<group>"; };
		CA5F95CD1A28B78A001B125B /* MurmurHash3.h */ = {isa = PBXFileReference; fileEncoding = 4; lastKnownFileType = sourcecode.c.h; path = MurmurHash3.h; sourceTree = "<group>"; };
		CA5F95CE1A28B78A001B125B /* MurmurHash3.cpp */ = {isa = PBXFileReference; fileEncoding = 4; lastKnownFileType = sourcecode.cpp.cpp; path = MurmurHash3.cpp; sourceTree = "<group>"; };
		CA5F95D21A28BA9E001B125B /* kseq.h */ = {isa = PBXFileReference; fileEncoding = 4; lastKnownFileType = sourcecode.c.h; path = kseq.h; sourceTree = "<group>"; };
		CA5F95D91A28BDBF001B125B /* IL_test_1.fq */ = {isa = PBXFileReference; fileEncoding = 4; lastKnownFileType = text; path = IL_test_1.fq; sourceTree = "<group>"; };
		CA5F95DA1A28BDBF001B125B /* IL_test_2.fq */ = {isa = PBXFileReference; fileEncoding = 4; lastKnownFileType = text; path = IL_test_2.fq; sourceTree = "<group>"; };
		CA5F95DB1A28BDBF001B125B /* SOL_varlen_1.fq */ = {isa = PBXFileReference; fileEncoding = 4; lastKnownFileType = text; path = SOL_varlen_1.fq; sourceTree = "<group>"; };
		CA5F95DC1A28BDBF001B125B /* SOL_varlen_2.fq */ = {isa = PBXFileReference; fileEncoding = 4; lastKnownFileType = text; path = SOL_varlen_2.fq; sourceTree = "<group>"; };
		CA5F95DD1A28C223001B125B /* libz.dylib */ = {isa = PBXFileReference; lastKnownFileType = "compiled.mach-o.dylib"; name = libz.dylib; path = usr/lib/libz.dylib; sourceTree = SDKROOT; };
/* End PBXFileReference section */

/* Begin PBXFrameworksBuildPhase section */
		CA5F95C01A28B370001B125B /* Frameworks */ = {
			isa = PBXFrameworksBuildPhase;
			buildActionMask = 2147483647;
			files = (
				CA5F95DE1A28C223001B125B /* libz.dylib in Frameworks */,
			);
			runOnlyForDeploymentPostprocessing = 0;
		};
/* End PBXFrameworksBuildPhase section */

/* Begin PBXGroup section */
		CA5F95BA1A28B370001B125B = {
			isa = PBXGroup;
			children = (
				CA5F95DD1A28C223001B125B /* libz.dylib */,
				CA5F95C51A28B370001B125B /* sequniq */,
				CA5F95C41A28B370001B125B /* Products */,
			);
			sourceTree = "<group>";
		};
		CA5F95C41A28B370001B125B /* Products */ = {
			isa = PBXGroup;
			children = (
				CA5F95C31A28B370001B125B /* sequniq */,
			);
			name = Products;
			sourceTree = "<group>";
		};
		CA5F95C51A28B370001B125B /* sequniq */ = {
			isa = PBXGroup;
			children = (
				CA5F95D11A28BA9E001B125B /* kseq */,
				CA5F95D01A28B791001B125B /* MurmurHash */,
				CA5F95C61A28B370001B125B /* main.cpp */,
				CA5F95D81A28BDBF001B125B /* Test */,
			);
			path = sequniq;
			sourceTree = "<group>";
		};
		CA5F95D01A28B791001B125B /* MurmurHash */ = {
			isa = PBXGroup;
			children = (
				CA5F95CD1A28B78A001B125B /* MurmurHash3.h */,
				CA5F95CE1A28B78A001B125B /* MurmurHash3.cpp */,
			);
			name = MurmurHash;
			sourceTree = "<group>";
		};
		CA5F95D11A28BA9E001B125B /* kseq */ = {
			isa = PBXGroup;
			children = (
				CA5F95D21A28BA9E001B125B /* kseq.h */,
			);
			name = kseq;
			path = External/kseq;
			sourceTree = SOURCE_ROOT;
		};
		CA5F95D81A28BDBF001B125B /* Test */ = {
			isa = PBXGroup;
			children = (
				CA5F95D91A28BDBF001B125B /* IL_test_1.fq */,
				CA5F95DA1A28BDBF001B125B /* IL_test_2.fq */,
				CA5F95DB1A28BDBF001B125B /* SOL_varlen_1.fq */,
				CA5F95DC1A28BDBF001B125B /* SOL_varlen_2.fq */,
			);
			path = Test;
			sourceTree = SOURCE_ROOT;
		};
/* End PBXGroup section */

/* Begin PBXNativeTarget section */
		CA5F95C21A28B370001B125B /* sequniq */ = {
			isa = PBXNativeTarget;
			buildConfigurationList = CA5F95CA1A28B370001B125B /* Build configuration list for PBXNativeTarget "sequniq" */;
			buildPhases = (
				CA5F95BF1A28B370001B125B /* Sources */,
				CA5F95C01A28B370001B125B /* Frameworks */,
				CA5F95C11A28B370001B125B /* CopyFiles */,
			);
			buildRules = (
			);
			dependencies = (
			);
			name = sequniq;
			productName = sequniq;
			productReference = CA5F95C31A28B370001B125B /* sequniq */;
			productType = "com.apple.product-type.tool";
		};
/* End PBXNativeTarget section */

/* Begin PBXProject section */
		CA5F95BB1A28B370001B125B /* Project object */ = {
			isa = PBXProject;
			attributes = {
				LastUpgradeCheck = 0600;
				ORGANIZATIONNAME = "Benjamin Schuster-Böckler";
				TargetAttributes = {
					CA5F95C21A28B370001B125B = {
						CreatedOnToolsVersion = 6.0;
					};
				};
			};
			buildConfigurationList = CA5F95BE1A28B370001B125B /* Build configuration list for PBXProject "sequniq" */;
			compatibilityVersion = "Xcode 3.2";
			developmentRegion = English;
			hasScannedForEncodings = 0;
			knownRegions = (
				en,
			);
			mainGroup = CA5F95BA1A28B370001B125B;
			productRefGroup = CA5F95C41A28B370001B125B /* Products */;
			projectDirPath = "";
			projectRoot = "";
			targets = (
				CA5F95C21A28B370001B125B /* sequniq */,
			);
		};
/* End PBXProject section */

/* Begin PBXSourcesBuildPhase section */
		CA5F95BF1A28B370001B125B /* Sources */ = {
			isa = PBXSourcesBuildPhase;
			buildActionMask = 2147483647;
			files = (
				CA5F95C71A28B370001B125B /* main.cpp in Sources */,
				CA5F95CF1A28B78A001B125B /* MurmurHash3.cpp in Sources */,
			);
			runOnlyForDeploymentPostprocessing = 0;
		};
/* End PBXSourcesBuildPhase section */

/* Begin XCBuildConfiguration section */
		CA5F95C81A28B370001B125B /* Debug */ = {
			isa = XCBuildConfiguration;
			buildSettings = {
				ALWAYS_SEARCH_USER_PATHS = NO;
				CLANG_CXX_LANGUAGE_STANDARD = "gnu++0x";
				CLANG_CXX_LIBRARY = "libc++";
				CLANG_ENABLE_MODULES = YES;
				CLANG_ENABLE_OBJC_ARC = YES;
				CLANG_WARN_BOOL_CONVERSION = YES;
				CLANG_WARN_CONSTANT_CONVERSION = YES;
				CLANG_WARN_DIRECT_OBJC_ISA_USAGE = YES_ERROR;
				CLANG_WARN_EMPTY_BODY = YES;
				CLANG_WARN_ENUM_CONVERSION = YES;
				CLANG_WARN_INT_CONVERSION = YES;
				CLANG_WARN_OBJC_ROOT_CLASS = YES_ERROR;
				CLANG_WARN_UNREACHABLE_CODE = YES;
				CLANG_WARN__DUPLICATE_METHOD_MATCH = YES;
				COPY_PHASE_STRIP = NO;
				ENABLE_STRICT_OBJC_MSGSEND = YES;
				GCC_C_LANGUAGE_STANDARD = gnu99;
				GCC_DYNAMIC_NO_PIC = NO;
				GCC_OPTIMIZATION_LEVEL = 0;
				GCC_PREPROCESSOR_DEFINITIONS = (
					"DEBUG=1",
					"$(inherited)",
				);
				GCC_SYMBOLS_PRIVATE_EXTERN = NO;
				GCC_WARN_64_TO_32_BIT_CONVERSION = YES;
				GCC_WARN_ABOUT_RETURN_TYPE = YES_ERROR;
				GCC_WARN_UNDECLARED_SELECTOR = YES;
				GCC_WARN_UNINITIALIZED_AUTOS = YES_AGGRESSIVE;
				GCC_WARN_UNUSED_FUNCTION = YES;
				GCC_WARN_UNUSED_VARIABLE = YES;
				MACOSX_DEPLOYMENT_TARGET = 10.9;
				MTL_ENABLE_DEBUG_INFO = YES;
				ONLY_ACTIVE_ARCH = YES;
				SDKROOT = macosx;
			};
			name = Debug;
		};
		CA5F95C91A28B370001B125B /* Release */ = {
			isa = XCBuildConfiguration;
			buildSettings = {
				ALWAYS_SEARCH_USER_PATHS = NO;
				CLANG_CXX_LANGUAGE_STANDARD = "gnu++0x";
				CLANG_CXX_LIBRARY = "libc++";
				CLANG_ENABLE_MODULES = YES;
				CLANG_ENABLE_OBJC_ARC = YES;
				CLANG_WARN_BOOL_CONVERSION = YES;
				CLANG_WARN_CONSTANT_CONVERSION = YES;
				CLANG_WARN_DIRECT_OBJC_ISA_USAGE = YES_ERROR;
				CLANG_WARN_EMPTY_BODY = YES;
				CLANG_WARN_ENUM_CONVERSION = YES;
				CLANG_WARN_INT_CONVERSION = YES;
				CLANG_WARN_OBJC_ROOT_CLASS = YES_ERROR;
				CLANG_WARN_UNREACHABLE_CODE = YES;
				CLANG_WARN__DUPLICATE_METHOD_MATCH = YES;
				COPY_PHASE_STRIP = YES;
				DEBUG_INFORMATION_FORMAT = "dwarf-with-dsym";
				ENABLE_NS_ASSERTIONS = NO;
				ENABLE_STRICT_OBJC_MSGSEND = YES;
				GCC_C_LANGUAGE_STANDARD = gnu99;
				GCC_WARN_64_TO_32_BIT_CONVERSION = YES;
				GCC_WARN_ABOUT_RETURN_TYPE = YES_ERROR;
				GCC_WARN_UNDECLARED_SELECTOR = YES;
				GCC_WARN_UNINITIALIZED_AUTOS = YES_AGGRESSIVE;
				GCC_WARN_UNUSED_FUNCTION = YES;
				GCC_WARN_UNUSED_VARIABLE = YES;
				MACOSX_DEPLOYMENT_TARGET = 10.9;
				MTL_ENABLE_DEBUG_INFO = NO;
				SDKROOT = macosx;
			};
			name = Release;
		};
		CA5F95CB1A28B370001B125B /* Debug */ = {
			isa = XCBuildConfiguration;
			buildSettings = {
				PRODUCT_NAME = "$(TARGET_NAME)";
			};
			name = Debug;
		};
		CA5F95CC1A28B370001B125B /* Release */ = {
			isa = XCBuildConfiguration;
			buildSettings = {
				PRODUCT_NAME = "$(TARGET_NAME)";
			};
			name = Release;
		};
/* End XCBuildConfiguration section */

/* Begin XCConfigurationList section */
		CA5F95BE1A28B370001B125B /* Build configuration list for PBXProject "sequniq" */ = {
			isa = XCConfigurationList;
			buildConfigurations = (
				CA5F95C81A28B370001B125B /* Debug */,
				CA5F95C91A28B370001B125B /* Release */,
			);
			defaultConfigurationIsVisible = 0;
			defaultConfigurationName = Release;
		};
		CA5F95CA1A28B370001B125B /* Build configuration list for PBXNativeTarget "sequniq" */ = {
			isa = XCConfigurationList;
			buildConfigurations = (
				CA5F95CB1A28B370001B125B /* Debug */,
				CA5F95CC1A28B370001B125B /* Release */,
			);
			defaultConfigurationIsVisible = 0;
			defaultConfigurationName = Release;
		};
/* End XCConfigurationList section */
	};
	rootObject = CA5F95BB1A28B370001B125B /* Project object */;
}
